// !$*UTF8*$!
{
	archiveVersion = 1;
	classes = {
	};
	objectVersion = 77;
	objects = {

/* Begin PBXContainerItemProxy section */
		CF9C40492F75761C00DA32D5 /* PBXContainerItemProxy */ = {
			isa = PBXContainerItemProxy;
			containerPortal = CF9C40332F75761B00DA32D5 /* Project object */;
			proxyType = 1;
			remoteGlobalIDString = CF9C403A2F75761B00DA32D5;
			remoteInfo = Betrouung;
		};
		CF9C40532F75761C00DA32D5 /* PBXContainerItemProxy */ = {
			isa = PBXContainerItemProxy;
			containerPortal = CF9C40332F75761B00DA32D5 /* Project object */;
			proxyType = 1;
			remoteGlobalIDString = CF9C403A2F75761B00DA32D5;
			remoteInfo = Betrouung;
		};
/* End PBXContainerItemProxy section */

/* Begin PBXFileReference section */
		CF9C403B2F75761B00DA32D5 /* Betrouung.app */ = {isa = PBXFileReference; explicitFileType = wrapper.application; includeInIndex = 0; path = Betrouung.app; sourceTree = BUILT_PRODUCTS_DIR; };
		CF9C40482F75761C00DA32D5 /* BetrouungTests.xctest */ = {isa = PBXFileReference; explicitFileType = wrapper.cfbundle; includeInIndex = 0; path = BetrouungTests.xctest; sourceTree = BUILT_PRODUCTS_DIR; };
		CF9C40522F75761C00DA32D5 /* BetrouungUITests.xctest */ = {isa = PBXFileReference; explicitFileType = wrapper.cfbundle; includeInIndex = 0; path = BetrouungUITests.xctest; sourceTree = BUILT_PRODUCTS_DIR; };
/* End PBXFileReference section */

/* Begin PBXFileSystemSynchronizedRootGroup section */
		CF9C403D2F75761B00DA32D5 /* Betrouung */ = {
			isa = PBXFileSystemSynchronizedRootGroup;
			path = Betrouung;
			sourceTree = "<group>";
		};
		CF9C404B2F75761C00DA32D5 /* BetrouungTests */ = {
			isa = PBXFileSystemSynchronizedRootGroup;
			path = BetrouungTests;
			sourceTree = "<group>";
		};
		CF9C40552F75761C00DA32D5 /* BetrouungUITests */ = {
			isa = PBXFileSystemSynchronizedRootGroup;
			path = BetrouungUITests;
			sourceTree = "<group>";
		};
/* End PBXFileSystemSynchronizedRootGroup section */

/* Begin PBXFrameworksBuildPhase section */
		CF9C40382F75761B00DA32D5 /* Frameworks */ = {
			isa = PBXFrameworksBuildPhase;
			buildActionMask = 2147483647;
			files = (
			);
			runOnlyForDeploymentPostprocessing = 0;
		};
		CF9C40452F75761C00DA32D5 /* Frameworks */ = {
			isa = PBXFrameworksBuildPhase;
			buildActionMask = 2147483647;
			files = (
			);
			runOnlyForDeploymentPostprocessing = 0;
		};
		CF9C404F2F75761C00DA32D5 /* Frameworks */ = {
			isa = PBXFrameworksBuildPhase;
			buildActionMask = 2147483647;
			files = (
			);
			runOnlyForDeploymentPostprocessing = 0;
		};
/* End PBXFrameworksBuildPhase section */

/* Begin PBXGroup section */
		CF9C40322F75761B00DA32D5 = {
			isa = PBXGroup;
			children = (
				CF9C403D2F75761B00DA32D5 /* Betrouung */,
				CF9C404B2F75761C00DA32D5 /* BetrouungTests */,
				CF9C40552F75761C00DA32D5 /* BetrouungUITests */,
				CF9C403C2F75761B00DA32D5 /* Products */,
			);
			sourceTree = "<group>";
		};
		CF9C403C2F75761B00DA32D5 /* Products */ = {
			isa = PBXGroup;
			children = (
				CF9C403B2F75761B00DA32D5 /* Betrouung.app */,
				CF9C40482F75761C00DA32D5 /* BetrouungTests.xctest */,
				CF9C40522F75761C00DA32D5 /* BetrouungUITests.xctest */,
			);
			name = Products;
			sourceTree = "<group>";
		};
/* End PBXGroup section */

/* Begin PBXNativeTarget section */
		CF9C403A2F75761B00DA32D5 /* Betrouung */ = {
			isa = PBXNativeTarget;
			buildConfigurationList = CF9C405C2F75761C00DA32D5 /* Build configuration list for PBXNativeTarget "Betrouung" */;
			buildPhases = (
				CF9C40372F75761B00DA32D5 /* Sources */,
				CF9C40382F75761B00DA32D5 /* Frameworks */,
				CF9C40392F75761B00DA32D5 /* Resources */,
			);
			buildRules = (
			);
			dependencies = (
			);
			fileSystemSynchronizedGroups = (
				CF9C403D2F75761B00DA32D5 /* Betrouung */,
			);
			name = Betrouung;
			packageProductDependencies = (
			);
			productName = Betrouung;
			productReference = CF9C403B2F75761B00DA32D5 /* Betrouung.app */;
			productType = "com.apple.product-type.application";
		};
		CF9C40472F75761C00DA32D5 /* BetrouungTests */ = {
			isa = PBXNativeTarget;
			buildConfigurationList = CF9C405F2F75761C00DA32D5 /* Build configuration list for PBXNativeTarget "BetrouungTests" */;
			buildPhases = (
				CF9C40442F75761C00DA32D5 /* Sources */,
				CF9C40452F75761C00DA32D5 /* Frameworks */,
				CF9C40462F75761C00DA32D5 /* Resources */,
			);
			buildRules = (
			);
			dependencies = (
				CF9C404A2F75761C00DA32D5 /* PBXTargetDependency */,
			);
			fileSystemSynchronizedGroups = (
				CF9C404B2F75761C00DA32D5 /* BetrouungTests */,
			);
			name = BetrouungTests;
			packageProductDependencies = (
			);
			productName = BetrouungTests;
			productReference = CF9C40482F75761C00DA32D5 /* BetrouungTests.xctest */;
			productType = "com.apple.product-type.bundle.unit-test";
		};
		CF9C40512F75761C00DA32D5 /* BetrouungUITests */ = {
			isa = PBXNativeTarget;
			buildConfigurationList = CF9C40622F75761C00DA32D5 /* Build configuration list for PBXNativeTarget "BetrouungUITests" */;
			buildPhases = (
				CF9C404E2F75761C00DA32D5 /* Sources */,
				CF9C404F2F75761C00DA32D5 /* Frameworks */,
				CF9C40502F75761C00DA32D5 /* Resources */,
			);
			buildRules = (
			);
			dependencies = (
				CF9C40542F75761C00DA32D5 /* PBXTargetDependency */,
			);
			fileSystemSynchronizedGroups = (
				CF9C40552F75761C00DA32D5 /* BetrouungUITests */,
			);
			name = BetrouungUITests;
			packageProductDependencies = (
			);
			productName = BetrouungUITests;
			productReference = CF9C40522F75761C00DA32D5 /* BetrouungUITests.xctest */;
			productType = "com.apple.product-type.bundle.ui-testing";
		};
/* End PBXNativeTarget section */

/* Begin PBXProject section */
		CF9C40332F75761B00DA32D5 /* Project object */ = {
			isa = PBXProject;
			attributes = {
				BuildIndependentTargetsInParallel = 1;
				LastSwiftUpdateCheck = 2640;
				LastUpgradeCheck = 2640;
				TargetAttributes = {
					CF9C403A2F75761B00DA32D5 = {
						CreatedOnToolsVersion = 26.4;
					};
					CF9C40472F75761C00DA32D5 = {
						CreatedOnToolsVersion = 26.4;
						TestTargetID = CF9C403A2F75761B00DA32D5;
					};
					CF9C40512F75761C00DA32D5 = {
						CreatedOnToolsVersion = 26.4;
						TestTargetID = CF9C403A2F75761B00DA32D5;
					};
				};
			};
			buildConfigurationList = CF9C40362F75761B00DA32D5 /* Build configuration list for PBXProject "Betrouung" */;
			developmentRegion = en;
			hasScannedForEncodings = 0;
			knownRegions = (
				en,
				Base,
				de,
				sr,
			);
			mainGroup = CF9C40322F75761B00DA32D5;
			minimizedProjectReferenceProxies = 1;
			preferredProjectObjectVersion = 77;
			productRefGroup = CF9C403C2F75761B00DA32D5 /* Products */;
			projectDirPath = "";
			projectRoot = "";
			targets = (
				CF9C403A2F75761B00DA32D5 /* Betrouung */,
				CF9C40472F75761C00DA32D5 /* BetrouungTests */,
				CF9C40512F75761C00DA32D5 /* BetrouungUITests */,
			);
		};
/* End PBXProject section */

/* Begin PBXResourcesBuildPhase section */
		CF9C40392F75761B00DA32D5 /* Resources */ = {
			isa = PBXResourcesBuildPhase;
			buildActionMask = 2147483647;
			files = (
			);
			runOnlyForDeploymentPostprocessing = 0;
		};
		CF9C40462F75761C00DA32D5 /* Resources */ = {
			isa = PBXResourcesBuildPhase;
			buildActionMask = 2147483647;
			files = (
			);
			runOnlyForDeploymentPostprocessing = 0;
		};
		CF9C40502F75761C00DA32D5 /* Resources */ = {
			isa = PBXResourcesBuildPhase;
			buildActionMask = 2147483647;
			files = (
			);
			runOnlyForDeploymentPostprocessing = 0;
		};
/* End PBXResourcesBuildPhase section */

/* Begin PBXSourcesBuildPhase section */
		CF9C40372F75761B00DA32D5 /* Sources */ = {
			isa = PBXSourcesBuildPhase;
			buildActionMask = 2147483647;
			files = (
			);
			runOnlyForDeploymentPostprocessing = 0;
		};
		CF9C40442F75761C00DA32D5 /* Sources */ = {
			isa = PBXSourcesBuildPhase;
			buildActionMask = 2147483647;
			files = (
			);
			runOnlyForDeploymentPostprocessing = 0;
		};
		CF9C404E2F75761C00DA32D5 /* Sources */ = {
			isa = PBXSourcesBuildPhase;
			buildActionMask = 2147483647;
			files = (
			);
			runOnlyForDeploymentPostprocessing = 0;
		};
/* End PBXSourcesBuildPhase section */

/* Begin PBXTargetDependency section */
		CF9C404A2F75761C00DA32D5 /* PBXTargetDependency */ = {
			isa = PBXTargetDependency;
			target = CF9C403A2F75761B00DA32D5 /* Betrouung */;
			targetProxy = CF9C40492F75761C00DA32D5 /* PBXContainerItemProxy */;
		};
		CF9C40542F75761C00DA32D5 /* PBXTargetDependency */ = {
			isa = PBXTargetDependency;
			target = CF9C403A2F75761B00DA32D5 /* Betrouung */;
			targetProxy = CF9C40532F75761C00DA32D5 /* PBXContainerItemProxy */;
		};
/* End PBXTargetDependency section */

/* Begin XCBuildConfiguration section */
		CF9C405A2F75761C00DA32D5 /* Debug */ = {
			isa = XCBuildConfiguration;
			buildSettings = {
				ALWAYS_SEARCH_USER_PATHS = NO;
				ASSETCATALOG_COMPILER_GENERATE_SWIFT_ASSET_SYMBOL_EXTENSIONS = YES;
				CLANG_ANALYZER_NONNULL = YES;
				CLANG_ANALYZER_NUMBER_OBJECT_CONVERSION = YES_AGGRESSIVE;
				CLANG_CXX_LANGUAGE_STANDARD = "gnu++20";
				CLANG_ENABLE_MODULES = YES;
				CLANG_ENABLE_OBJC_ARC = YES;
				CLANG_ENABLE_OBJC_WEAK = YES;
				CLANG_WARN_BLOCK_CAPTURE_AUTORELEASING = YES;
				CLANG_WARN_BOOL_CONVERSION = YES;
				CLANG_WARN_COMMA = YES;
				CLANG_WARN_CONSTANT_CONVERSION = YES;
				CLANG_WARN_DEPRECATED_OBJC_IMPLEMENTATIONS = YES;
				CLANG_WARN_DIRECT_OBJC_ISA_USAGE = YES_ERROR;
				CLANG_WARN_DOCUMENTATION_COMMENTS = YES;
				CLANG_WARN_EMPTY_BODY = YES;
				CLANG_WARN_ENUM_CONVERSION = YES;
				CLANG_WARN_INFINITE_RECURSION = YES;
				CLANG_WARN_INT_CONVERSION = YES;
				CLANG_WARN_NON_LITERAL_NULL_CONVERSION = YES;
				CLANG_WARN_OBJC_IMPLICIT_RETAIN_SELF = YES;
				CLANG_WARN_OBJC_LITERAL_CONVERSION = YES;
				CLANG_WARN_OBJC_ROOT_CLASS = YES_ERROR;
				CLANG_WARN_QUOTED_INCLUDE_IN_FRAMEWORK_HEADER = YES;
				CLANG_WARN_RANGE_LOOP_ANALYSIS = YES;
				CLANG_WARN_STRICT_PROTOTYPES = YES;
				CLANG_WARN_SUSPICIOUS_MOVE = YES;
				CLANG_WARN_UNGUARDED_AVAILABILITY = YES_AGGRESSIVE;
				CLANG_WARN_UNREACHABLE_CODE = YES;
				CLANG_WARN__DUPLICATE_METHOD_MATCH = YES;
				COPY_PHASE_STRIP = NO;
				DEBUG_INFORMATION_FORMAT = dwarf;
				DEVELOPMENT_TEAM = 83F7KY8L5Y;
				ENABLE_STRICT_OBJC_MSGSEND = YES;
				ENABLE_TESTABILITY = YES;
				ENABLE_USER_SCRIPT_SANDBOXING = YES;
				GCC_C_LANGUAGE_STANDARD = gnu17;
				GCC_DYNAMIC_NO_PIC = NO;
				GCC_NO_COMMON_BLOCKS = YES;
				GCC_OPTIMIZATION_LEVEL = 0;
				GCC_PREPROCESSOR_DEFINITIONS = (
					"DEBUG=1",
					"$(inherited)",
				);
				GCC_WARN_64_TO_32_BIT_CONVERSION = YES;
				GCC_WARN_ABOUT_RETURN_TYPE = YES_ERROR;
				GCC_WARN_UNDECLARED_SELECTOR = YES;
				GCC_WARN_UNINITIALIZED_AUTOS = YES_AGGRESSIVE;
				GCC_WARN_UNUSED_FUNCTION = YES;
				GCC_WARN_UNUSED_VARIABLE = YES;
				IPHONEOS_DEPLOYMENT_TARGET = 26.4;
				LOCALIZATION_PREFERS_STRING_CATALOGS = YES;
				MTL_ENABLE_DEBUG_INFO = INCLUDE_SOURCE;
				MTL_FAST_MATH = YES;
				ONLY_ACTIVE_ARCH = YES;
				SDKROOT = iphoneos;
				SWIFT_ACTIVE_COMPILATION_CONDITIONS = "DEBUG $(inherited)";
				SWIFT_OPTIMIZATION_LEVEL = "-Onone";
			};
			name = Debug;
		};
		CF9C405B2F75761C00DA32D5 /* Release */ = {
			isa = XCBuildConfiguration;
			buildSettings = {
				ALWAYS_SEARCH_USER_PATHS = NO;
				ASSETCATALOG_COMPILER_GENERATE_SWIFT_ASSET_SYMBOL_EXTENSIONS = YES;
				CLANG_ANALYZER_NONNULL = YES;
				CLANG_ANALYZER_NUMBER_OBJECT_CONVERSION = YES_AGGRESSIVE;
				CLANG_CXX_LANGUAGE_STANDARD = "gnu++20";
				CLANG_ENABLE_MODULES = YES;
				CLANG_ENABLE_OBJC_ARC = YES;
				CLANG_ENABLE_OBJC_WEAK = YES;
				CLANG_WARN_BLOCK_CAPTURE_AUTORELEASING = YES;
				CLANG_WARN_BOOL_CONVERSION = YES;
				CLANG_WARN_COMMA = YES;
				CLANG_WARN_CONSTANT_CONVERSION = YES;
				CLANG_WARN_DEPRECATED_OBJC_IMPLEMENTATIONS = YES;
				CLANG_WARN_DIRECT_OBJC_ISA_USAGE = YES_ERROR;
				CLANG_WARN_DOCUMENTATION_COMMENTS = YES;
				CLANG_WARN_EMPTY_BODY = YES;
				CLANG_WARN_ENUM_CONVERSION = YES;
				CLANG_WARN_INFINITE_RECURSION = YES;
				CLANG_WARN_INT_CONVERSION = YES;
				CLANG_WARN_NON_LITERAL_NULL_CONVERSION = YES;
				CLANG_WARN_OBJC_IMPLICIT_RETAIN_SELF = YES;
				CLANG_WARN_OBJC_LITERAL_CONVERSION = YES;
				CLANG_WARN_OBJC_ROOT_CLASS = YES_ERROR;
				CLANG_WARN_QUOTED_INCLUDE_IN_FRAMEWORK_HEADER = YES;
				CLANG_WARN_RANGE_LOOP_ANALYSIS = YES;
				CLANG_WARN_STRICT_PROTOTYPES = YES;
				CLANG_WARN_SUSPICIOUS_MOVE = YES;
				CLANG_WARN_UNGUARDED_AVAILABILITY = YES_AGGRESSIVE;
				CLANG_WARN_UNREACHABLE_CODE = YES;
				CLANG_WARN__DUPLICATE_METHOD_MATCH = YES;
				COPY_PHASE_STRIP = NO;
				DEBUG_INFORMATION_FORMAT = "dwarf-with-dsym";
				DEVELOPMENT_TEAM = 83F7KY8L5Y;
				ENABLE_NS_ASSERTIONS = NO;
				ENABLE_STRICT_OBJC_MSGSEND = YES;
				ENABLE_USER_SCRIPT_SANDBOXING = YES;
				GCC_C_LANGUAGE_STANDARD = gnu17;
				GCC_NO_COMMON_BLOCKS = YES;
				GCC_WARN_64_TO_32_BIT_CONVERSION = YES;
				GCC_WARN_ABOUT_RETURN_TYPE = YES_ERROR;
				GCC_WARN_UNDECLARED_SELECTOR = YES;
				GCC_WARN_UNINITIALIZED_AUTOS = YES_AGGRESSIVE;
				GCC_WARN_UNUSED_FUNCTION = YES;
				GCC_WARN_UNUSED_VARIABLE = YES;
				IPHONEOS_DEPLOYMENT_TARGET = 26.4;
				LOCALIZATION_PREFERS_STRING_CATALOGS = YES;
				MTL_ENABLE_DEBUG_INFO = NO;
				MTL_FAST_MATH = YES;
				SDKROOT = iphoneos;
				SWIFT_COMPILATION_MODE = wholemodule;
				VALIDATE_PRODUCT = YES;
			};
			name = Release;
		};
		CF9C405D2F75761C00DA32D5 /* Debug */ = {
			isa = XCBuildConfiguration;
			buildSettings = {
				ASSETCATALOG_COMPILER_APPICON_NAME = AppIcon;
				ASSETCATALOG_COMPILER_GLOBAL_ACCENT_COLOR_NAME = AccentColor;
				CODE_SIGN_STYLE = Automatic;
				CURRENT_PROJECT_VERSION = 1;
				DEVELOPMENT_TEAM = 83F7KY8L5Y;
				ENABLE_PREVIEWS = YES;
				GENERATE_INFOPLIST_FILE = YES;
				INFOPLIST_KEY_CFBundleDisplayName = DailyCareCart;
				INFOPLIST_KEY_NSLocationWhenInUseUsageDescription = "Lokaciju koristimo da prikazemo supermarkete u vasoj blizini.";
				INFOPLIST_KEY_NSMicrophoneUsageDescription = "DailyCareCart koristi mikrofon za glasovni unos teksta.";
				INFOPLIST_KEY_NSSpeechRecognitionUsageDescription = "DailyCareCart koristi prepoznavanje govora za glasovni unos teksta.";
				INFOPLIST_KEY_UIApplicationSceneManifest_Generation = YES;
				INFOPLIST_KEY_UIApplicationSupportsIndirectInputEvents = YES;
				INFOPLIST_KEY_UILaunchScreen_Generation = YES;
				INFOPLIST_KEY_UISupportedInterfaceOrientations_iPad = "UIInterfaceOrientationPortrait UIInterfaceOrientationPortraitUpsideDown UIInterfaceOrientationLandscapeLeft UIInterfaceOrientationLandscapeRight";
				INFOPLIST_KEY_UISupportedInterfaceOrientations_iPhone = "UIInterfaceOrientationPortrait UIInterfaceOrientationLandscapeLeft UIInterfaceOrientationLandscapeRight";
				LD_RUNPATH_SEARCH_PATHS = (
					"$(inherited)",
					"@executable_path/Frameworks",
				);
				MARKETING_VERSION = 1.0;
				PRODUCT_BUNDLE_IDENTIFIER = Gazza.Betrouung;
				PRODUCT_NAME = "$(TARGET_NAME)";
				STRING_CATALOG_GENERATE_SYMBOLS = YES;
				SWIFT_APPROACHABLE_CONCURRENCY = YES;
				SWIFT_DEFAULT_ACTOR_ISOLATION = MainActor;
				SWIFT_EMIT_LOC_STRINGS = YES;
				SWIFT_UPCOMING_FEATURE_MEMBER_IMPORT_VISIBILITY = YES;
				SWIFT_VERSION = 5.0;
				TARGETED_DEVICE_FAMILY = "1,2";
			};
			name = Debug;
		};
		CF9C405E2F75761C00DA32D5 /* Release */ = {
			isa = XCBuildConfiguration;
			buildSettings = {
				ASSETCATALOG_COMPILER_APPICON_NAME = AppIcon;
				ASSETCATALOG_COMPILER_GLOBAL_ACCENT_COLOR_NAME = AccentColor;
				CODE_SIGN_STYLE = Automatic;
				CURRENT_PROJECT_VERSION = 1;
				DEVELOPMENT_TEAM = 83F7KY8L5Y;
				ENABLE_PREVIEWS = YES;
				GENERATE_INFOPLIST_FILE = YES;
				INFOPLIST_KEY_CFBundleDisplayName = DailyCareCart;
				INFOPLIST_KEY_NSLocationWhenInUseUsageDescription = "Lokaciju koristimo da prikazemo supermarkete u vasoj blizini.";
				INFOPLIST_KEY_NSMicrophoneUsageDescription = "DailyCareCart koristi mikrofon za glasovni unos teksta.";
				INFOPLIST_KEY_NSSpeechRecognitionUsageDescription = "DailyCareCart koristi prepoznavanje govora za glasovni unos teksta.";
				INFOPLIST_KEY_UIApplicationSceneManifest_Generation = YES;
				INFOPLIST_KEY_UIApplicationSupportsIndirectInputEvents = YES;
				INFOPLIST_KEY_UILaunchScreen_Generation = YES;
				INFOPLIST_KEY_UISupportedInterfaceOrientations_iPad = "UIInterfaceOrientationPortrait UIInterfaceOrientationPortraitUpsideDown UIInterfaceOrientationLandscapeLeft UIInterfaceOrientationLandscapeRight";
				INFOPLIST_KEY_UISupportedInterfaceOrientations_iPhone = "UIInterfaceOrientationPortrait UIInterfaceOrientationLandscapeLeft UIInterfaceOrientationLandscapeRight";
				LD_RUNPATH_SEARCH_PATHS = (
					"$(inherited)",
					"@executable_path/Frameworks",
				);
				MARKETING_VERSION = 1.0;
				PRODUCT_BUNDLE_IDENTIFIER = Gazza.Betrouung;
				PRODUCT_NAME = "$(TARGET_NAME)";
				STRING_CATALOG_GENERATE_SYMBOLS = YES;
				SWIFT_APPROACHABLE_CONCURRENCY = YES;
				SWIFT_DEFAULT_ACTOR_ISOLATION = MainActor;
				SWIFT_EMIT_LOC_STRINGS = YES;
				SWIFT_UPCOMING_FEATURE_MEMBER_IMPORT_VISIBILITY = YES;
				SWIFT_VERSION = 5.0;
				TARGETED_DEVICE_FAMILY = "1,2";
			};
			name = Release;
		};
		CF9C40602F75761C00DA32D5 /* Debug */ = {
			isa = XCBuildConfiguration;
			buildSettings = {
				BUNDLE_LOADER = "$(TEST_HOST)";
				CODE_SIGN_STYLE = Automatic;
				CURRENT_PROJECT_VERSION = 1;
				DEVELOPMENT_TEAM = 83F7KY8L5Y;
				GENERATE_INFOPLIST_FILE = YES;
				IPHONEOS_DEPLOYMENT_TARGET = 26.4;
				MARKETING_VERSION = 1.0;
				PRODUCT_BUNDLE_IDENTIFIER = Gazza.BetrouungTests;
				PRODUCT_NAME = "$(TARGET_NAME)";
				STRING_CATALOG_GENERATE_SYMBOLS = NO;
				SWIFT_APPROACHABLE_CONCURRENCY = YES;
				SWIFT_EMIT_LOC_STRINGS = NO;
				SWIFT_UPCOMING_FEATURE_MEMBER_IMPORT_VISIBILITY = YES;
				SWIFT_VERSION = 5.0;
				TARGETED_DEVICE_FAMILY = "1,2";
				TEST_HOST = "$(BUILT_PRODUCTS_DIR)/Betrouung.app/$(BUNDLE_EXECUTABLE_FOLDER_PATH)/Betrouung";
			};
			name = Debug;
		};
		CF9C40612F75761C00DA32D5 /* Release */ = {
			isa = XCBuildConfiguration;
			buildSettings = {
				BUNDLE_LOADER = "$(TEST_HOST)";
				CODE_SIGN_STYLE = Automatic;
				CURRENT_PROJECT_VERSION = 1;
				DEVELOPMENT_TEAM = 83F7KY8L5Y;
				GENERATE_INFOPLIST_FILE = YES;
				IPHONEOS_DEPLOYMENT_TARGET = 26.4;
				MARKETING_VERSION = 1.0;
				PRODUCT_BUNDLE_IDENTIFIER = Gazza.BetrouungTests;
				PRODUCT_NAME = "$(TARGET_NAME)";
				STRING_CATALOG_GENERATE_SYMBOLS = NO;
				SWIFT_APPROACHABLE_CONCURRENCY = YES;
				SWIFT_EMIT_LOC_STRINGS = NO;
				SWIFT_UPCOMING_FEATURE_MEMBER_IMPORT_VISIBILITY = YES;
				SWIFT_VERSION = 5.0;
				TARGETED_DEVICE_FAMILY = "1,2";
				TEST_HOST = "$(BUILT_PRODUCTS_DIR)/Betrouung.app/$(BUNDLE_EXECUTABLE_FOLDER_PATH)/Betrouung";
			};
			name = Release;
		};
		CF9C40632F75761C00DA32D5 /* Debug */ = {
			isa = XCBuildConfiguration;
			buildSettings = {
				CODE_SIGN_STYLE = Automatic;
				CURRENT_PROJECT_VERSION = 1;
				DEVELOPMENT_TEAM = 83F7KY8L5Y;
				GENERATE_INFOPLIST_FILE = YES;
				MARKETING_VERSION = 1.0;
				PRODUCT_BUNDLE_IDENTIFIER = Gazza.BetrouungUITests;
				PRODUCT_NAME = "$(TARGET_NAME)";
				STRING_CATALOG_GENERATE_SYMBOLS = NO;
				SWIFT_APPROACHABLE_CONCURRENCY = YES;
				SWIFT_EMIT_LOC_STRINGS = NO;
				SWIFT_UPCOMING_FEATURE_MEMBER_IMPORT_VISIBILITY = YES;
				SWIFT_VERSION = 5.0;
				TARGETED_DEVICE_FAMILY = "1,2";
				TEST_TARGET_NAME = Betrouung;
			};
			name = Debug;
		};
		CF9C40642F75761C00DA32D5 /* Release */ = {
			isa = XCBuildConfiguration;
			buildSettings = {
				CODE_SIGN_STYLE = Automatic;
				CURRENT_PROJECT_VERSION = 1;
				DEVELOPMENT_TEAM = 83F7KY8L5Y;
				GENERATE_INFOPLIST_FILE = YES;
				MARKETING_VERSION = 1.0;
				PRODUCT_BUNDLE_IDENTIFIER = Gazza.BetrouungUITests;
				PRODUCT_NAME = "$(TARGET_NAME)";
				STRING_CATALOG_GENERATE_SYMBOLS = NO;
				SWIFT_APPROACHABLE_CONCURRENCY = YES;
				SWIFT_EMIT_LOC_STRINGS = NO;
				SWIFT_UPCOMING_FEATURE_MEMBER_IMPORT_VISIBILITY = YES;
				SWIFT_VERSION = 5.0;
				TARGETED_DEVICE_FAMILY = "1,2";
				TEST_TARGET_NAME = Betrouung;
			};
			name = Release;
		};
/* End XCBuildConfiguration section */

/* Begin XCConfigurationList section */
		CF9C40362F75761B00DA32D5 /* Build configuration list for PBXProject "Betrouung" */ = {
			isa = XCConfigurationList;
			buildConfigurations = (
				CF9C405A2F75761C00DA32D5 /* Debug */,
				CF9C405B2F75761C00DA32D5 /* Release */,
			);
			defaultConfigurationIsVisible = 0;
			defaultConfigurationName = Release;
		};
		CF9C405C2F75761C00DA32D5 /* Build configuration list for PBXNativeTarget "Betrouung" */ = {
			isa = XCConfigurationList;
			buildConfigurations = (
				CF9C405D2F75761C00DA32D5 /* Debug */,
				CF9C405E2F75761C00DA32D5 /* Release */,
			);
			defaultConfigurationIsVisible = 0;
			defaultConfigurationName = Release;
		};
		CF9C405F2F75761C00DA32D5 /* Build configuration list for PBXNativeTarget "BetrouungTests" */ = {
			isa = XCConfigurationList;
			buildConfigurations = (
				CF9C40602F75761C00DA32D5 /* Debug */,
				CF9C40612F75761C00DA32D5 /* Release */,
			);
			defaultConfigurationIsVisible = 0;
			defaultConfigurationName = Release;
		};
		CF9C40622F75761C00DA32D5 /* Build configuration list for PBXNativeTarget "BetrouungUITests" */ = {
			isa = XCConfigurationList;
			buildConfigurations = (
				CF9C40632F75761C00DA32D5 /* Debug */,
				CF9C40642F75761C00DA32D5 /* Release */,
			);
			defaultConfigurationIsVisible = 0;
			defaultConfigurationName = Release;
		};
/* End XCConfigurationList section */
	};
	rootObject = CF9C40332F75761B00DA32D5 /* Project object */;
}
